
Microsoft Visual Studio Solution File, Format Version 12.00
# Visual Studio Version 17
VisualStudioVersion = 17.6.33829.357
MinimumVisualStudioVersion = 10.0.40219.1
Project("{8BC9CEB8-8B4A-11D0-8D11-00A0C91BC942}") = "Magnolia", "Magnolia\Magnolia.vcxproj", "{1DC4CD83-442C-4227-86AE-4ADF3D19B810}"
EndProject
Global
	GlobalSection(SolutionConfigurationPlatforms) = preSolution
		Debug|x64 = Debug|x64
		Release|x64 = Release|x64
	EndGlobalSection
	GlobalSection(ProjectConfigurationPlatforms) = postSolution
		{1DC4CD83-442C-4227-86AE-4ADF3D19B810}.Debug|x64.ActiveCfg = Debug|x64
		{1DC4CD83-442C-4227-86AE-4ADF3D19B810}.Debug|x64.Build.0 = Debug|x64
		{1DC4CD83-442C-4227-86AE-4ADF3D19B810}.Release|x64.ActiveCfg = Release|x64
		{1DC4CD83-442C-4227-86AE-4ADF3D19B810}.Release|x64.Build.0 = Release|x64
	EndGlobalSection
	GlobalSection(SolutionProperties) = preSolution
		HideSolutionNode = FALSE
	EndGlobalSection
	GlobalSection(ExtensibilityGlobals) = postSolution
		SolutionGuid = {75E890F3-E7DF-4C01-B633-F105BC1B2A8E}
	EndGlobalSection
EndGlobal
